
Microsoft Visual Studio Solution File, Format Version 12.00
# Visual Studio Version 16
VisualStudioVersion = 16.0.29613.14
MinimumVisualStudioVersion = 10.0.40219.1
Project("{FAE04EC0-301F-11D3-BF4B-00C04F79EFBC}") = "SetDialogsCrash", "SetDialogsCrash\SetDialogsCrash.csproj", "{436DB16A-7779-450E-A684-22AABA24AA33}"
EndProject
Global
	GlobalSection(SolutionConfigurationPlatforms) = preSolution
		Debug|Any CPU = Debug|Any CPU
		Release|Any CPU = Release|Any CPU
	EndGlobalSection
	GlobalSection(ProjectConfigurationPlatforms) = postSolution
		{436DB16A-7779-450E-A684-22AABA24AA33}.Debug|Any CPU.ActiveCfg = Debug|Any CPU
		{436DB16A-7779-450E-A684-22AABA24AA33}.Debug|Any CPU.Build.0 = Debug|Any CPU
		{436DB16A-7779-450E-A684-22AABA24AA33}.Release|Any CPU.ActiveCfg = Release|Any CPU
		{436DB16A-7779-450E-A684-22AABA24AA33}.Release|Any CPU.Build.0 = Release|Any CPU
	EndGlobalSection
	GlobalSection(SolutionProperties) = preSolution
		HideSolutionNode = FALSE
	EndGlobalSection
	GlobalSection(ExtensibilityGlobals) = postSolution
		SolutionGuid = {1B972C2F-9626-4AEB-A153-4973E29E7ED4}
	EndGlobalSection
EndGlobal
